
Microsoft Visual Studio Solution File, Format Version 12.00
# Visual Studio Version 17
VisualStudioVersion = 17.3.32929.385
MinimumVisualStudioVersion = 10.0.40219.1
Project("{9A19103F-16F7-4668-BE54-9A1E7A4F7556}") = "Dg_payroll", "Dg_payroll.csproj", "{9034E61E-9ADB-403C-9C58-667DF8D57BBD}"
EndProject
Global
	GlobalSection(SolutionConfigurationPlatforms) = preSolution
		Debug|Any CPU = Debug|Any CPU
		Release|Any CPU = Release|Any CPU
	EndGlobalSection
	GlobalSection(ProjectConfigurationPlatforms) = postSolution
		{9034E61E-9ADB-403C-9C58-667DF8D57BBD}.Debug|Any CPU.ActiveCfg = Debug|Any CPU
		{9034E61E-9ADB-403C-9C58-667DF8D57BBD}.Debug|Any CPU.Build.0 = Debug|Any CPU
		{9034E61E-9ADB-403C-9C58-667DF8D57BBD}.Release|Any CPU.ActiveCfg = Release|Any CPU
		{9034E61E-9ADB-403C-9C58-667DF8D57BBD}.Release|Any CPU.Build.0 = Release|Any CPU
	EndGlobalSection
	GlobalSection(SolutionProperties) = preSolution
		HideSolutionNode = FALSE
	EndGlobalSection
	GlobalSection(ExtensibilityGlobals) = postSolution
		SolutionGuid = {5FBF3B9E-A981-44F5-906E-8B69869F045A}
	EndGlobalSection
EndGlobal
